
Microsoft Visual Studio Solution File, Format Version 12.00
Project("{FAE04EC0-301F-11D3-BF4B-00C04F79EFBC}") = "TopBanner", "TopBanner\TopBanner.csproj", "{52E5F1E8-ED18-4B67-8AEF-164E4FDABFAC}"
EndProject
Global
	GlobalSection(SolutionConfigurationPlatforms) = preSolution
		Debug|Any CPU = Debug|Any CPU
		Release|Any CPU = Release|Any CPU
	EndGlobalSection
	GlobalSection(ProjectConfigurationPlatforms) = postSolution
		{52E5F1E8-ED18-4B67-8AEF-164E4FDABFAC}.Debug|Any CPU.ActiveCfg = Debug|Any CPU
		{52E5F1E8-ED18-4B67-8AEF-164E4FDABFAC}.Debug|Any CPU.Build.0 = Debug|Any CPU
		{52E5F1E8-ED18-4B67-8AEF-164E4FDABFAC}.Release|Any CPU.ActiveCfg = Release|Any CPU
		{52E5F1E8-ED18-4B67-8AEF-164E4FDABFAC}.Release|Any CPU.Build.0 = Release|Any CPU
	EndGlobalSection
EndGlobal
